// !$*UTF8*$!
{
	archiveVersion = 1;
	classes = {
	};
	objectVersion = 42;
	objects = {

/* Begin PBXBuildFile section */
		528d24294afb24ac2eeff1afc590bac0 /* tinyxmlerror.cpp in Sources */ = {isa = PBXBuildFile; fileRef = 08413e78d3e27bb40d86cde130d84fcc /* tinyxmlerror.cpp */; };
		BBAB23CB13894F3D00AA2426 /* GLUT.framework in CopyFiles */ = {isa = PBXBuildFile; fileRef = BBAB23BE13894E4700AA2426 /* GLUT.framework */; };
		C73659B0173BF3C300A7BF20 /* fft.cpp in Sources */ = {isa = PBXBuildFile; fileRef = C73659A7173BF3C300A7BF20 /* fft.cpp */; };
		C73659B1173BF3C300A7BF20 /* main.cpp in Sources */ = {isa = PBXBuildFile; fileRef = C73659A9173BF3C300A7BF20 /* main.cpp */; };
		C73659B2173BF3C300A7BF20 /* mainApp.cpp in Sources */ = {isa = PBXBuildFile; fileRef = C73659AA173BF3C300A7BF20 /* mainApp.cpp */; };
		C73659B3173BF3C300A7BF20 /* PlayerHead.cpp in Sources */ = {isa = PBXBuildFile; fileRef = C73659AC173BF3C300A7BF20 /* PlayerHead.cpp */; };
		C73659B4173BF3C300A7BF20 /* SpectrumDrawer.cpp in Sources */ = {isa = PBXBuildFile; fileRef = C73659AE173BF3C300A7BF20 /* SpectrumDrawer.cpp */; };
		C73659EF173BF3CF00A7BF20 /* ofSoundStream2.cpp in Sources */ = {isa = PBXBuildFile; fileRef = C73659B6173BF3CF00A7BF20 /* ofSoundStream2.cpp */; };
		C73659F0173BF3CF00A7BF20 /* ofxFileDialogOSX.cpp in Sources */ = {isa = PBXBuildFile; fileRef = C73659BA173BF3CF00A7BF20 /* ofxFileDialogOSX.cpp */; };
		C73659F1173BF3CF00A7BF20 /* ofxMSAInteractiveObject.cpp in Sources */ = {isa = PBXBuildFile; fileRef = C73659C3173BF3CF00A7BF20 /* ofxMSAInteractiveObject.cpp */; };
		C73659F2173BF3CF00A7BF20 /* ofxSimpleGuiButton.cpp in Sources */ = {isa = PBXBuildFile; fileRef = C73659CD173BF3CF00A7BF20 /* ofxSimpleGuiButton.cpp */; };
		C73659F3173BF3CF00A7BF20 /* ofxSimpleGuiColorPicker.cpp in Sources */ = {isa = PBXBuildFile; fileRef = C73659CF173BF3CF00A7BF20 /* ofxSimpleGuiColorPicker.cpp */; };
		C73659F4173BF3CF00A7BF20 /* ofxSimpleGuiComboBox.cpp in Sources */ = {isa = PBXBuildFile; fileRef = C73659D1173BF3CF00A7BF20 /* ofxSimpleGuiComboBox.cpp */; };
		C73659F5173BF3CF00A7BF20 /* ofxSimpleGuiContent.cpp in Sources */ = {isa = PBXBuildFile; fileRef = C73659D3173BF3CF00A7BF20 /* ofxSimpleGuiContent.cpp */; };
		C73659F6173BF3CF00A7BF20 /* ofxSimpleGuiFPSCounter.cpp in Sources */ = {isa = PBXBuildFile; fileRef = C73659D5173BF3CF00A7BF20 /* ofxSimpleGuiFPSCounter.cpp */; };
		C73659F7173BF3CF00A7BF20 /* ofxSimpleGuiMovieSlider.cpp in Sources */ = {isa = PBXBuildFile; fileRef = C73659D7173BF3CF00A7BF20 /* ofxSimpleGuiMovieSlider.cpp */; };
		C73659F8173BF3CF00A7BF20 /* ofxSimpleGuiQuadWarp.cpp in Sources */ = {isa = PBXBuildFile; fileRef = C73659D9173BF3CF00A7BF20 /* ofxSimpleGuiQuadWarp.cpp */; };
		C73659F9173BF3CF00A7BF20 /* ofxSimpleGuiSlider2d.cpp in Sources */ = {isa = PBXBuildFile; fileRef = C73659DB173BF3CF00A7BF20 /* ofxSimpleGuiSlider2d.cpp */; };
		C73659FA173BF3CF00A7BF20 /* ofxSimpleGuiTitle.cpp in Sources */ = {isa = PBXBuildFile; fileRef = C73659E0173BF3CF00A7BF20 /* ofxSimpleGuiTitle.cpp */; };
		C73659FB173BF3CF00A7BF20 /* ofxSimpleGuiToggle.cpp in Sources */ = {isa = PBXBuildFile; fileRef = C73659E2173BF3CF00A7BF20 /* ofxSimpleGuiToggle.cpp */; };
		C73659FC173BF3CF00A7BF20 /* ofxSimpleGuiConfig.cpp in Sources */ = {isa = PBXBuildFile; fileRef = C73659E4173BF3CF00A7BF20 /* ofxSimpleGuiConfig.cpp */; };
		C73659FD173BF3CF00A7BF20 /* ofxSimpleGuiControl.cpp in Sources */ = {isa = PBXBuildFile; fileRef = C73659E6173BF3CF00A7BF20 /* ofxSimpleGuiControl.cpp */; };
		C73659FE173BF3CF00A7BF20 /* ofxSimpleGuiPage.cpp in Sources */ = {isa = PBXBuildFile; fileRef = C73659E9173BF3CF00A7BF20 /* ofxSimpleGuiPage.cpp */; };
		C73659FF173BF3CF00A7BF20 /* ofxSimpleGuiToo.cpp in Sources */ = {isa = PBXBuildFile; fileRef = C73659EB173BF3CF00A7BF20 /* ofxSimpleGuiToo.cpp */; };
		C7365A00173BF3CF00A7BF20 /* ofxSimpleGuiValueControl.cpp in Sources */ = {isa = PBXBuildFile; fileRef = C73659ED173BF3CF00A7BF20 /* ofxSimpleGuiValueControl.cpp */; };
		E4328149138ABC9F0047C5CB /* openFrameworksDebug.a in Frameworks */ = {isa = PBXBuildFile; fileRef = E4328148138ABC890047C5CB /* openFrameworksDebug.a */; };
		E45BE97B0E8CC7DD009D7055 /* AGL.framework in Frameworks */ = {isa = PBXBuildFile; fileRef = E45BE9710E8CC7DD009D7055 /* AGL.framework */; };
		E45BE97C0E8CC7DD009D7055 /* ApplicationServices.framework in Frameworks */ = {isa = PBXBuildFile; fileRef = E45BE9720E8CC7DD009D7055 /* ApplicationServices.framework */; };
		E45BE97D0E8CC7DD009D7055 /* AudioToolbox.framework in Frameworks */ = {isa = PBXBuildFile; fileRef = E45BE9730E8CC7DD009D7055 /* AudioToolbox.framework */; };
		E45BE97E0E8CC7DD009D7055 /* Carbon.framework in Frameworks */ = {isa = PBXBuildFile; fileRef = E45BE9740E8CC7DD009D7055 /* Carbon.framework */; };
		E45BE97F0E8CC7DD009D7055 /* CoreAudio.framework in Frameworks */ = {isa = PBXBuildFile; fileRef = E45BE9750E8CC7DD009D7055 /* CoreAudio.framework */; };
		E45BE9800E8CC7DD009D7055 /* CoreFoundation.framework in Frameworks */ = {isa = PBXBuildFile; fileRef = E45BE9760E8CC7DD009D7055 /* CoreFoundation.framework */; };
		E45BE9810E8CC7DD009D7055 /* CoreServices.framework in Frameworks */ = {isa = PBXBuildFile; fileRef = E45BE9770E8CC7DD009D7055 /* CoreServices.framework */; };
		E45BE9830E8CC7DD009D7055 /* OpenGL.framework in Frameworks */ = {isa = PBXBuildFile; fileRef = E45BE9790E8CC7DD009D7055 /* OpenGL.framework */; };
		E45BE9840E8CC7DD009D7055 /* QuickTime.framework in Frameworks */ = {isa = PBXBuildFile; fileRef = E45BE97A0E8CC7DD009D7055 /* QuickTime.framework */; };
		E4C2424710CC5A17004149E2 /* AppKit.framework in Frameworks */ = {isa = PBXBuildFile; fileRef = E4C2424410CC5A17004149E2 /* AppKit.framework */; };
		E4C2424810CC5A17004149E2 /* Cocoa.framework in Frameworks */ = {isa = PBXBuildFile; fileRef = E4C2424510CC5A17004149E2 /* Cocoa.framework */; };
		E4C2424910CC5A17004149E2 /* IOKit.framework in Frameworks */ = {isa = PBXBuildFile; fileRef = E4C2424610CC5A17004149E2 /* IOKit.framework */; };
		E4EB6799138ADC1D00A09F29 /* GLUT.framework in Frameworks */ = {isa = PBXBuildFile; fileRef = BBAB23BE13894E4700AA2426 /* GLUT.framework */; };
		E7E077E515D3B63C0020DFD4 /* CoreVideo.framework in Frameworks */ = {isa = PBXBuildFile; fileRef = E7E077E415D3B63C0020DFD4 /* CoreVideo.framework */; };
		E7E077E815D3B6510020DFD4 /* QTKit.framework in Frameworks */ = {isa = PBXBuildFile; fileRef = E7E077E715D3B6510020DFD4 /* QTKit.framework */; };
		E7F985F815E0DEA3003869B5 /* Accelerate.framework in Frameworks */ = {isa = PBXBuildFile; fileRef = E7F985F515E0DE99003869B5 /* Accelerate.framework */; };
		a9f6b9bcb9a36d1c504341ac3a9fa8aa /* tinyxml.cpp in Sources */ = {isa = PBXBuildFile; fileRef = a85afddc8fc7254ff82dcf169ecbb79d /* tinyxml.cpp */; };
		dab4d0e179a3ab3e2dd829c897d41e4c /* ofxXmlSettings.cpp in Sources */ = {isa = PBXBuildFile; fileRef = aa05df4e88fc725ddbeb75a4b8aa4cab /* ofxXmlSettings.cpp */; };
		ef0db92417b6dbf0507143b5addf7be2 /* tinyxmlparser.cpp in Sources */ = {isa = PBXBuildFile; fileRef = 5a1d7c6d97b9482b0b286effd3ada26e /* tinyxmlparser.cpp */; };
/* End PBXBuildFile section */

/* Begin PBXContainerItemProxy section */
		E4328147138ABC890047C5CB /* PBXContainerItemProxy */ = {
			isa = PBXContainerItemProxy;
			containerPortal = E4328143138ABC890047C5CB /* openFrameworksLib.xcodeproj */;
			proxyType = 2;
			remoteGlobalIDString = E4B27C1510CBEB8E00536013;
			remoteInfo = openFrameworks;
		};
		E4EEB9AB138B136A00A80321 /* PBXContainerItemProxy */ = {
			isa = PBXContainerItemProxy;
			containerPortal = E4328143138ABC890047C5CB /* openFrameworksLib.xcodeproj */;
			proxyType = 1;
			remoteGlobalIDString = E4B27C1410CBEB8E00536013;
			remoteInfo = openFrameworks;
		};
/* End PBXContainerItemProxy section */

/* Begin PBXCopyFilesBuildPhase section */
		E4C2427710CC5ABF004149E2 /* CopyFiles */ = {
			isa = PBXCopyFilesBuildPhase;
			buildActionMask = 2147483647;
			dstPath = "";
			dstSubfolderSpec = 10;
			files = (
				BBAB23CB13894F3D00AA2426 /* GLUT.framework in CopyFiles */,
			);
			runOnlyForDeploymentPostprocessing = 0;
		};
/* End PBXCopyFilesBuildPhase section */

/* Begin PBXFileReference section */
		08413e78d3e27bb40d86cde130d84fcc /* tinyxmlerror.cpp */ = {isa = PBXFileReference; explicitFileType = sourcecode.cpp.cpp; fileEncoding = 30; name = tinyxmlerror.cpp; path = ../of_v0.7.4_osx_release/addons/ofxXmlSettings/libs/tinyxmlerror.cpp; sourceTree = SOURCE_ROOT; };
		5a1d7c6d97b9482b0b286effd3ada26e /* tinyxmlparser.cpp */ = {isa = PBXFileReference; explicitFileType = sourcecode.cpp.cpp; fileEncoding = 30; name = tinyxmlparser.cpp; path = ../of_v0.7.4_osx_release/addons/ofxXmlSettings/libs/tinyxmlparser.cpp; sourceTree = SOURCE_ROOT; };
		61c8e26aa318614dd040f3435e451d65 /* ofxXmlSettings.h */ = {isa = PBXFileReference; explicitFileType = sourcecode.c.h; fileEncoding = 30; name = ofxXmlSettings.h; path = ../of_v0.7.4_osx_release/addons/ofxXmlSettings/src/ofxXmlSettings.h; sourceTree = SOURCE_ROOT; };
		BBAB23BE13894E4700AA2426 /* GLUT.framework */ = {isa = PBXFileReference; lastKnownFileType = wrapper.framework; name = GLUT.framework; path = ../of_v0.7.4_osx_release/libs/glut/lib/osx/GLUT.framework; sourceTree = "<group>"; };
		C73659A7173BF3C300A7BF20 /* fft.cpp */ = {isa = PBXFileReference; fileEncoding = 4; lastKnownFileType = sourcecode.cpp.cpp; path = fft.cpp; sourceTree = "<group>"; };
		C73659A8173BF3C300A7BF20 /* fft.h */ = {isa = PBXFileReference; fileEncoding = 4; lastKnownFileType = sourcecode.c.h; path = fft.h; sourceTree = "<group>"; };
		C73659A9173BF3C300A7BF20 /* main.cpp */ = {isa = PBXFileReference; fileEncoding = 4; lastKnownFileType = sourcecode.cpp.cpp; path = main.cpp; sourceTree = "<group>"; };
		C73659AA173BF3C300A7BF20 /* mainApp.cpp */ = {isa = PBXFileReference; fileEncoding = 4; lastKnownFileType = sourcecode.cpp.cpp; path = mainApp.cpp; sourceTree = "<group>"; };
		C73659AB173BF3C300A7BF20 /* mainApp.h */ = {isa = PBXFileReference; fileEncoding = 4; lastKnownFileType = sourcecode.c.h; path = mainApp.h; sourceTree = "<group>"; };
		C73659AC173BF3C300A7BF20 /* PlayerHead.cpp */ = {isa = PBXFileReference; fileEncoding = 4; lastKnownFileType = sourcecode.cpp.cpp; path = PlayerHead.cpp; sourceTree = "<group>"; };
		C73659AD173BF3C300A7BF20 /* PlayerHead.h */ = {isa = PBXFileReference; fileEncoding = 4; lastKnownFileType = sourcecode.c.h; path = PlayerHead.h; sourceTree = "<group>"; };
		C73659AE173BF3C300A7BF20 /* SpectrumDrawer.cpp */ = {isa = PBXFileReference; fileEncoding = 4; lastKnownFileType = sourcecode.cpp.cpp; path = SpectrumDrawer.cpp; sourceTree = "<group>"; };
		C73659AF173BF3C300A7BF20 /* SpectrumDrawer.h */ = {isa = PBXFileReference; fileEncoding = 4; lastKnownFileType = sourcecode.c.h; path = SpectrumDrawer.h; sourceTree = "<group>"; };
		C73659B6173BF3CF00A7BF20 /* ofSoundStream2.cpp */ = {isa = PBXFileReference; fileEncoding = 4; lastKnownFileType = sourcecode.cpp.cpp; path = ofSoundStream2.cpp; sourceTree = "<group>"; };
		C73659B7173BF3CF00A7BF20 /* ofSoundStream2.h */ = {isa = PBXFileReference; fileEncoding = 4; lastKnownFileType = sourcecode.c.h; path = ofSoundStream2.h; sourceTree = "<group>"; };
		C73659BA173BF3CF00A7BF20 /* ofxFileDialogOSX.cpp */ = {isa = PBXFileReference; fileEncoding = 4; lastKnownFileType = sourcecode.cpp.cpp; path = ofxFileDialogOSX.cpp; sourceTree = "<group>"; };
		C73659BB173BF3CF00A7BF20 /* ofxFileDialogOSX.h */ = {isa = PBXFileReference; fileEncoding = 4; lastKnownFileType = sourcecode.c.h; path = ofxFileDialogOSX.h; sourceTree = "<group>"; };
		C73659BD173BF3CF00A7BF20 /* changelog.txt */ = {isa = PBXFileReference; fileEncoding = 4; lastKnownFileType = text; path = changelog.txt; sourceTree = "<group>"; };
		C73659C0173BF3CF00A7BF20 /* install.xml */ = {isa = PBXFileReference; fileEncoding = 4; lastKnownFileType = text.xml; path = install.xml; sourceTree = "<group>"; };
		C73659C1173BF3CF00A7BF20 /* LICENSE.txt */ = {isa = PBXFileReference; fileEncoding = 4; lastKnownFileType = text; path = LICENSE.txt; sourceTree = "<group>"; };
		C73659C3173BF3CF00A7BF20 /* ofxMSAInteractiveObject.cpp */ = {isa = PBXFileReference; fileEncoding = 4; lastKnownFileType = sourcecode.cpp.cpp; path = ofxMSAInteractiveObject.cpp; sourceTree = "<group>"; };
		C73659C4173BF3CF00A7BF20 /* ofxMSAInteractiveObject.h */ = {isa = PBXFileReference; fileEncoding = 4; lastKnownFileType = sourcecode.c.h; path = ofxMSAInteractiveObject.h; sourceTree = "<group>"; };
		C73659C6173BF3CF00A7BF20 /* .gitignore */ = {isa = PBXFileReference; fileEncoding = 4; lastKnownFileType = text; path = .gitignore; sourceTree = "<group>"; };
		C73659C7173BF3CF00A7BF20 /* changelog.txt */ = {isa = PBXFileReference; fileEncoding = 4; lastKnownFileType = text; path = changelog.txt; sourceTree = "<group>"; };
		C73659C8173BF3CF00A7BF20 /* install.xml */ = {isa = PBXFileReference; fileEncoding = 4; lastKnownFileType = text.xml; path = install.xml; sourceTree = "<group>"; };
		C73659C9173BF3CF00A7BF20 /* LICENSE.txt */ = {isa = PBXFileReference; fileEncoding = 4; lastKnownFileType = text; path = LICENSE.txt; sourceTree = "<group>"; };
		C73659CA173BF3CF00A7BF20 /* README */ = {isa = PBXFileReference; fileEncoding = 4; lastKnownFileType = text; path = README; sourceTree = "<group>"; };
		C73659CD173BF3CF00A7BF20 /* ofxSimpleGuiButton.cpp */ = {isa = PBXFileReference; fileEncoding = 4; lastKnownFileType = sourcecode.cpp.cpp; path = ofxSimpleGuiButton.cpp; sourceTree = "<group>"; };
		C73659CE173BF3CF00A7BF20 /* ofxSimpleGuiButton.h */ = {isa = PBXFileReference; fileEncoding = 4; lastKnownFileType = sourcecode.c.h; path = ofxSimpleGuiButton.h; sourceTree = "<group>"; };
		C73659CF173BF3CF00A7BF20 /* ofxSimpleGuiColorPicker.cpp */ = {isa = PBXFileReference; fileEncoding = 4; lastKnownFileType = sourcecode.cpp.cpp; path = ofxSimpleGuiColorPicker.cpp; sourceTree = "<group>"; };
		C73659D0173BF3CF00A7BF20 /* ofxSimpleGuiColorPicker.h */ = {isa = PBXFileReference; fileEncoding = 4; lastKnownFileType = sourcecode.c.h; path = ofxSimpleGuiColorPicker.h; sourceTree = "<group>"; };
		C73659D1173BF3CF00A7BF20 /* ofxSimpleGuiComboBox.cpp */ = {isa = PBXFileReference; fileEncoding = 4; lastKnownFileType = sourcecode.cpp.cpp; path = ofxSimpleGuiComboBox.cpp; sourceTree = "<group>"; };
		C73659D2173BF3CF00A7BF20 /* ofxSimpleGuiComboBox.h */ = {isa = PBXFileReference; fileEncoding = 4; lastKnownFileType = sourcecode.c.h; path = ofxSimpleGuiComboBox.h; sourceTree = "<group>"; };
		C73659D3173BF3CF00A7BF20 /* ofxSimpleGuiContent.cpp */ = {isa = PBXFileReference; fileEncoding = 4; lastKnownFileType = sourcecode.cpp.cpp; path = ofxSimpleGuiContent.cpp; sourceTree = "<group>"; };
		C73659D4173BF3CF00A7BF20 /* ofxSimpleGuiContent.h */ = {isa = PBXFileReference; fileEncoding = 4; lastKnownFileType = sourcecode.c.h; path = ofxSimpleGuiContent.h; sourceTree = "<group>"; };
		C73659D5173BF3CF00A7BF20 /* ofxSimpleGuiFPSCounter.cpp */ = {isa = PBXFileReference; fileEncoding = 4; lastKnownFileType = sourcecode.cpp.cpp; path = ofxSimpleGuiFPSCounter.cpp; sourceTree = "<group>"; };
		C73659D6173BF3CF00A7BF20 /* ofxSimpleGuiFPSCounter.h */ = {isa = PBXFileReference; fileEncoding = 4; lastKnownFileType = sourcecode.c.h; path = ofxSimpleGuiFPSCounter.h; sourceTree = "<group>"; };
		C73659D7173BF3CF00A7BF20 /* ofxSimpleGuiMovieSlider.cpp */ = {isa = PBXFileReference; fileEncoding = 4; lastKnownFileType = sourcecode.cpp.cpp; path = ofxSimpleGuiMovieSlider.cpp; sourceTree = "<group>"; };
		C73659D8173BF3CF00A7BF20 /* ofxSimpleGuiMovieSlider.h */ = {isa = PBXFileReference; fileEncoding = 4; lastKnownFileType = sourcecode.c.h; path = ofxSimpleGuiMovieSlider.h; sourceTree = "<group>"; };
		C73659D9173BF3CF00A7BF20 /* ofxSimpleGuiQuadWarp.cpp */ = {isa = PBXFileReference; fileEncoding = 4; lastKnownFileType = sourcecode.cpp.cpp; path = ofxSimpleGuiQuadWarp.cpp; sourceTree = "<group>"; };
		C73659DA173BF3CF00A7BF20 /* ofxSimpleGuiQuadWarp.h */ = {isa = PBXFileReference; fileEncoding = 4; lastKnownFileType = sourcecode.c.h; path = ofxSimpleGuiQuadWarp.h; sourceTree = "<group>"; };
		C73659DB173BF3CF00A7BF20 /* ofxSimpleGuiSlider2d.cpp */ = {isa = PBXFileReference; fileEncoding = 4; lastKnownFileType = sourcecode.cpp.cpp; path = ofxSimpleGuiSlider2d.cpp; sourceTree = "<group>"; };
		C73659DC173BF3CF00A7BF20 /* ofxSimpleGuiSlider2d.h */ = {isa = PBXFileReference; fileEncoding = 4; lastKnownFileType = sourcecode.c.h; path = ofxSimpleGuiSlider2d.h; sourceTree = "<group>"; };
		C73659DD173BF3CF00A7BF20 /* ofxSimpleGuiSliderBase.h */ = {isa = PBXFileReference; fileEncoding = 4; lastKnownFileType = sourcecode.c.h; path = ofxSimpleGuiSliderBase.h; sourceTree = "<group>"; };
		C73659DE173BF3CF00A7BF20 /* ofxSimpleGuiSliderFloat.h */ = {isa = PBXFileReference; fileEncoding = 4; lastKnownFileType = sourcecode.c.h; path = ofxSimpleGuiSliderFloat.h; sourceTree = "<group>"; };
		C73659DF173BF3CF00A7BF20 /* ofxSimpleGuiSliderInt.h */ = {isa = PBXFileReference; fileEncoding = 4; lastKnownFileType = sourcecode.c.h; path = ofxSimpleGuiSliderInt.h; sourceTree = "<group>"; };
		C73659E0173BF3CF00A7BF20 /* ofxSimpleGuiTitle.cpp */ = {isa = PBXFileReference; fileEncoding = 4; lastKnownFileType = sourcecode.cpp.cpp; path = ofxSimpleGuiTitle.cpp; sourceTree = "<group>"; };
		C73659E1173BF3CF00A7BF20 /* ofxSimpleGuiTitle.h */ = {isa = PBXFileReference; fileEncoding = 4; lastKnownFileType = sourcecode.c.h; path = ofxSimpleGuiTitle.h; sourceTree = "<group>"; };
		C73659E2173BF3CF00A7BF20 /* ofxSimpleGuiToggle.cpp */ = {isa = PBXFileReference; fileEncoding = 4; lastKnownFileType = sourcecode.cpp.cpp; path = ofxSimpleGuiToggle.cpp; sourceTree = "<group>"; };
		C73659E3173BF3CF00A7BF20 /* ofxSimpleGuiToggle.h */ = {isa = PBXFileReference; fileEncoding = 4; lastKnownFileType = sourcecode.c.h; path = ofxSimpleGuiToggle.h; sourceTree = "<group>"; };
		C73659E4173BF3CF00A7BF20 /* ofxSimpleGuiConfig.cpp */ = {isa = PBXFileReference; fileEncoding = 4; lastKnownFileType = sourcecode.cpp.cpp; path = ofxSimpleGuiConfig.cpp; sourceTree = "<group>"; };
		C73659E5173BF3CF00A7BF20 /* ofxSimpleGuiConfig.h */ = {isa = PBXFileReference; fileEncoding = 4; lastKnownFileType = sourcecode.c.h; path = ofxSimpleGuiConfig.h; sourceTree = "<group>"; };
		C73659E6173BF3CF00A7BF20 /* ofxSimpleGuiControl.cpp */ = {isa = PBXFileReference; fileEncoding = 4; lastKnownFileType = sourcecode.cpp.cpp; path = ofxSimpleGuiControl.cpp; sourceTree = "<group>"; };
		C73659E7173BF3CF00A7BF20 /* ofxSimpleGuiControl.h */ = {isa = PBXFileReference; fileEncoding = 4; lastKnownFileType = sourcecode.c.h; path = ofxSimpleGuiControl.h; sourceTree = "<group>"; };
		C73659E8173BF3CF00A7BF20 /* ofxSimpleGuiIncludes.h */ = {isa = PBXFileReference; fileEncoding = 4; lastKnownFileType = sourcecode.c.h; path = ofxSimpleGuiIncludes.h; sourceTree = "<group>"; };
		C73659E9173BF3CF00A7BF20 /* ofxSimpleGuiPage.cpp */ = {isa = PBXFileReference; fileEncoding = 4; lastKnownFileType = sourcecode.cpp.cpp; path = ofxSimpleGuiPage.cpp; sourceTree = "<group>"; };
		C73659EA173BF3CF00A7BF20 /* ofxSimpleGuiPage.h */ = {isa = PBXFileReference; fileEncoding = 4; lastKnownFileType = sourcecode.c.h; path = ofxSimpleGuiPage.h; sourceTree = "<group>"; };
		C73659EB173BF3CF00A7BF20 /* ofxSimpleGuiToo.cpp */ = {isa = PBXFileReference; fileEncoding = 4; lastKnownFileType = sourcecode.cpp.cpp; path = ofxSimpleGuiToo.cpp; sourceTree = "<group>"; };
		C73659EC173BF3CF00A7BF20 /* ofxSimpleGuiToo.h */ = {isa = PBXFileReference; fileEncoding = 4; lastKnownFileType = sourcecode.c.h; path = ofxSimpleGuiToo.h; sourceTree = "<group>"; };
		C73659ED173BF3CF00A7BF20 /* ofxSimpleGuiValueControl.cpp */ = {isa = PBXFileReference; fileEncoding = 4; lastKnownFileType = sourcecode.cpp.cpp; path = ofxSimpleGuiValueControl.cpp; sourceTree = "<group>"; };
		C73659EE173BF3CF00A7BF20 /* ofxSimpleGuiValueControl.h */ = {isa = PBXFileReference; fileEncoding = 4; lastKnownFileType = sourcecode.c.h; path = ofxSimpleGuiValueControl.h; sourceTree = "<group>"; };
		C7365A03173BF44B00A7BF20 /* 2.mp3 */ = {isa = PBXFileReference; lastKnownFileType = audio.mp3; path = 2.mp3; sourceTree = "<group>"; };
		C7365A04173BF44B00A7BF20 /* _settings.xml */ = {isa = PBXFileReference; fileEncoding = 4; lastKnownFileType = text.xml; path = _settings.xml; sourceTree = "<group>"; };
		C7365A05173BF44B00A7BF20 /* beat2.wav */ = {isa = PBXFileReference; lastKnownFileType = audio.wav; path = beat2.wav; sourceTree = "<group>"; };
		C7365A06173BF44B00A7BF20 /* clock.png */ = {isa = PBXFileReference; lastKnownFileType = image.png; path = clock.png; sourceTree = "<group>"; };
		C7365A07173BF44B00A7BF20 /* clocks.mp3 */ = {isa = PBXFileReference; lastKnownFileType = audio.mp3; path = clocks.mp3; sourceTree = "<group>"; };
		C7365A08173BF44B00A7BF20 /* dan.wav */ = {isa = PBXFileReference; lastKnownFileType = audio.wav; path = dan.wav; sourceTree = "<group>"; };
		C7365A09173BF44B00A7BF20 /* dani.png */ = {isa = PBXFileReference; lastKnownFileType = image.png; path = dani.png; sourceTree = "<group>"; };
		C7365A0A173BF44B00A7BF20 /* din.ttf */ = {isa = PBXFileReference; lastKnownFileType = file; path = din.ttf; sourceTree = "<group>"; };
		C7365A0B173BF44B00A7BF20 /* fur3.png */ = {isa = PBXFileReference; lastKnownFileType = image.png; path = fur3.png; sourceTree = "<group>"; };
		C7365A0C173BF44B00A7BF20 /* fur4.png */ = {isa = PBXFileReference; lastKnownFileType = image.png; path = fur4.png; sourceTree = "<group>"; };
		C7365A0D173BF44B00A7BF20 /* fur4.psd */ = {isa = PBXFileReference; lastKnownFileType = file; path = fur4.psd; sourceTree = "<group>"; };
		C7365A0E173BF44B00A7BF20 /* fur4_old.png */ = {isa = PBXFileReference; lastKnownFileType = image.png; path = fur4_old.png; sourceTree = "<group>"; };
		C7365A0F173BF44B00A7BF20 /* gal.png */ = {isa = PBXFileReference; lastKnownFileType = image.png; path = gal.png; sourceTree = "<group>"; };
		C7365A10173BF44B00A7BF20 /* ikon.icns */ = {isa = PBXFileReference; lastKnownFileType = image.icns; path = ikon.icns; sourceTree = "<group>"; };
		C7365A11173BF44B00A7BF20 /* ikon.png */ = {isa = PBXFileReference; lastKnownFileType = image.png; path = ikon.png; sourceTree = "<group>"; };
		C7365A12173BF44B00A7BF20 /* main.jpg */ = {isa = PBXFileReference; lastKnownFileType = image.jpeg; path = main.jpg; sourceTree = "<group>"; };
		C7365A13173BF44B00A7BF20 /* main.png */ = {isa = PBXFileReference; lastKnownFileType = image.png; path = main.png; sourceTree = "<group>"; };
		C7365A14173BF44B00A7BF20 /* main2.png */ = {isa = PBXFileReference; lastKnownFileType = image.png; path = main2.png; sourceTree = "<group>"; };
		C7365A15173BF44B00A7BF20 /* main3.jpg */ = {isa = PBXFileReference; lastKnownFileType = image.jpeg; path = main3.jpg; sourceTree = "<group>"; };
		C7365A16173BF44B00A7BF20 /* main4.jpg */ = {isa = PBXFileReference; lastKnownFileType = image.jpeg; path = main4.jpg; sourceTree = "<group>"; };
		C7365A17173BF44B00A7BF20 /* mandel.png */ = {isa = PBXFileReference; lastKnownFileType = image.png; path = mandel.png; sourceTree = "<group>"; };
		C7365A18173BF44B00A7BF20 /* mona.bmp */ = {isa = PBXFileReference; lastKnownFileType = image.bmp; path = mona.bmp; sourceTree = "<group>"; };
		C7365A19173BF44B00A7BF20 /* spectrum.png */ = {isa = PBXFileReference; lastKnownFileType = image.png; path = spectrum.png; sourceTree = "<group>"; };
		C7365A1A173BF44B00A7BF20 /* spectrum2.png */ = {isa = PBXFileReference; lastKnownFileType = image.png; path = spectrum2.png; sourceTree = "<group>"; };
		C7365A1B173BF44B00A7BF20 /* step3_circle.gif */ = {isa = PBXFileReference; lastKnownFileType = image.gif; path = step3_circle.gif; sourceTree = "<group>"; };
		C7365A1C173BF44B00A7BF20 /* test2.png */ = {isa = PBXFileReference; lastKnownFileType = image.png; path = test2.png; sourceTree = "<group>"; };
		C7365A1D173BF44B00A7BF20 /* valami.png */ = {isa = PBXFileReference; lastKnownFileType = image.png; path = valami.png; sourceTree = "<group>"; };
		C7365A1E173BF44B00A7BF20 /* refreq.app */ = {isa = PBXFileReference; lastKnownFileType = wrapper.application; path = refreq.app; sourceTree = "<group>"; };
		C7365A1F173BF44B00A7BF20 /* refreqDebug.app */ = {isa = PBXFileReference; lastKnownFileType = wrapper.application; path = refreqDebug.app; sourceTree = "<group>"; };
		E4328143138ABC890047C5CB /* openFrameworksLib.xcodeproj */ = {isa = PBXFileReference; lastKnownFileType = "wrapper.pb-project"; name = openFrameworksLib.xcodeproj; path = ../of_v0.7.4_osx_release/libs/openFrameworksCompiled/project/osx/openFrameworksLib.xcodeproj; sourceTree = SOURCE_ROOT; };
		E45BE9710E8CC7DD009D7055 /* AGL.framework */ = {isa = PBXFileReference; lastKnownFileType = wrapper.framework; name = AGL.framework; path = /System/Library/Frameworks/AGL.framework; sourceTree = "<absolute>"; };
		E45BE9720E8CC7DD009D7055 /* ApplicationServices.framework */ = {isa = PBXFileReference; lastKnownFileType = wrapper.framework; name = ApplicationServices.framework; path = /System/Library/Frameworks/ApplicationServices.framework; sourceTree = "<absolute>"; };
		E45BE9730E8CC7DD009D7055 /* AudioToolbox.framework */ = {isa = PBXFileReference; lastKnownFileType = wrapper.framework; name = AudioToolbox.framework; path = /System/Library/Frameworks/AudioToolbox.framework; sourceTree = "<absolute>"; };
		E45BE9740E8CC7DD009D7055 /* Carbon.framework */ = {isa = PBXFileReference; lastKnownFileType = wrapper.framework; name = Carbon.framework; path = /System/Library/Frameworks/Carbon.framework; sourceTree = "<absolute>"; };
		E45BE9750E8CC7DD009D7055 /* CoreAudio.framework */ = {isa = PBXFileReference; lastKnownFileType = wrapper.framework; name = CoreAudio.framework; path = /System/Library/Frameworks/CoreAudio.framework; sourceTree = "<absolute>"; };
		E45BE9760E8CC7DD009D7055 /* CoreFoundation.framework */ = {isa = PBXFileReference; lastKnownFileType = wrapper.framework; name = CoreFoundation.framework; path = /System/Library/Frameworks/CoreFoundation.framework; sourceTree = "<absolute>"; };
		E45BE9770E8CC7DD009D7055 /* CoreServices.framework */ = {isa = PBXFileReference; lastKnownFileType = wrapper.framework; name = CoreServices.framework; path = /System/Library/Frameworks/CoreServices.framework; sourceTree = "<absolute>"; };
		E45BE9790E8CC7DD009D7055 /* OpenGL.framework */ = {isa = PBXFileReference; lastKnownFileType = wrapper.framework; name = OpenGL.framework; path = /System/Library/Frameworks/OpenGL.framework; sourceTree = "<absolute>"; };
		E45BE97A0E8CC7DD009D7055 /* QuickTime.framework */ = {isa = PBXFileReference; lastKnownFileType = wrapper.framework; name = QuickTime.framework; path = /System/Library/Frameworks/QuickTime.framework; sourceTree = "<absolute>"; };
		E4B69B5B0A3A1756003C02F2 /* refreqDebug.app */ = {isa = PBXFileReference; explicitFileType = wrapper.application; includeInIndex = 0; path = refreqDebug.app; sourceTree = BUILT_PRODUCTS_DIR; };
		E4B6FCAD0C3E899E008CF71C /* openFrameworks-Info.plist */ = {isa = PBXFileReference; fileEncoding = 30; lastKnownFileType = text.plist.xml; path = "openFrameworks-Info.plist"; sourceTree = "<group>"; };
		E4C2424410CC5A17004149E2 /* AppKit.framework */ = {isa = PBXFileReference; lastKnownFileType = wrapper.framework; name = AppKit.framework; path = /System/Library/Frameworks/AppKit.framework; sourceTree = "<absolute>"; };
		E4C2424510CC5A17004149E2 /* Cocoa.framework */ = {isa = PBXFileReference; lastKnownFileType = wrapper.framework; name = Cocoa.framework; path = /System/Library/Frameworks/Cocoa.framework; sourceTree = "<absolute>"; };
		E4C2424610CC5A17004149E2 /* IOKit.framework */ = {isa = PBXFileReference; lastKnownFileType = wrapper.framework; name = IOKit.framework; path = /System/Library/Frameworks/IOKit.framework; sourceTree = "<absolute>"; };
		E4EB691F138AFCF100A09F29 /* CoreOF.xcconfig */ = {isa = PBXFileReference; fileEncoding = 4; lastKnownFileType = text.xcconfig; name = CoreOF.xcconfig; path = ../of_v0.7.4_osx_release/libs/openFrameworksCompiled/project/osx/CoreOF.xcconfig; sourceTree = SOURCE_ROOT; };
		E4EB6923138AFD0F00A09F29 /* Project.xcconfig */ = {isa = PBXFileReference; fileEncoding = 4; lastKnownFileType = text.xcconfig; path = Project.xcconfig; sourceTree = "<group>"; };
		E7E077E415D3B63C0020DFD4 /* CoreVideo.framework */ = {isa = PBXFileReference; lastKnownFileType = wrapper.framework; name = CoreVideo.framework; path = /System/Library/Frameworks/CoreVideo.framework; sourceTree = "<absolute>"; };
		E7E077E715D3B6510020DFD4 /* QTKit.framework */ = {isa = PBXFileReference; lastKnownFileType = wrapper.framework; name = QTKit.framework; path = /System/Library/Frameworks/QTKit.framework; sourceTree = "<absolute>"; };
		E7F985F515E0DE99003869B5 /* Accelerate.framework */ = {isa = PBXFileReference; lastKnownFileType = wrapper.framework; name = Accelerate.framework; path = /System/Library/Frameworks/Accelerate.framework; sourceTree = "<absolute>"; };
		a85afddc8fc7254ff82dcf169ecbb79d /* tinyxml.cpp */ = {isa = PBXFileReference; explicitFileType = sourcecode.cpp.cpp; fileEncoding = 30; name = tinyxml.cpp; path = ../of_v0.7.4_osx_release/addons/ofxXmlSettings/libs/tinyxml.cpp; sourceTree = SOURCE_ROOT; };
		aa05df4e88fc725ddbeb75a4b8aa4cab /* ofxXmlSettings.cpp */ = {isa = PBXFileReference; explicitFileType = sourcecode.cpp.cpp; fileEncoding = 30; name = ofxXmlSettings.cpp; path = ../of_v0.7.4_osx_release/addons/ofxXmlSettings/src/ofxXmlSettings.cpp; sourceTree = SOURCE_ROOT; };
		d3165c709164fc0029ff204a14085ce8 /* tinyxml.h */ = {isa = PBXFileReference; explicitFileType = sourcecode.c.h; fileEncoding = 30; name = tinyxml.h; path = ../of_v0.7.4_osx_release/addons/ofxXmlSettings/libs/tinyxml.h; sourceTree = SOURCE_ROOT; };
/* End PBXFileReference section */

/* Begin PBXFrameworksBuildPhase section */
		E4B69B590A3A1756003C02F2 /* Frameworks */ = {
			isa = PBXFrameworksBuildPhase;
			buildActionMask = 2147483647;
			files = (
				E7F985F815E0DEA3003869B5 /* Accelerate.framework in Frameworks */,
				E7E077E815D3B6510020DFD4 /* QTKit.framework in Frameworks */,
				E4EB6799138ADC1D00A09F29 /* GLUT.framework in Frameworks */,
				E4328149138ABC9F0047C5CB /* openFrameworksDebug.a in Frameworks */,
				E45BE97B0E8CC7DD009D7055 /* AGL.framework in Frameworks */,
				E45BE97C0E8CC7DD009D7055 /* ApplicationServices.framework in Frameworks */,
				E45BE97D0E8CC7DD009D7055 /* AudioToolbox.framework in Frameworks */,
				E45BE97E0E8CC7DD009D7055 /* Carbon.framework in Frameworks */,
				E45BE97F0E8CC7DD009D7055 /* CoreAudio.framework in Frameworks */,
				E45BE9800E8CC7DD009D7055 /* CoreFoundation.framework in Frameworks */,
				E45BE9810E8CC7DD009D7055 /* CoreServices.framework in Frameworks */,
				E45BE9830E8CC7DD009D7055 /* OpenGL.framework in Frameworks */,
				E45BE9840E8CC7DD009D7055 /* QuickTime.framework in Frameworks */,
				E4C2424710CC5A17004149E2 /* AppKit.framework in Frameworks */,
				E4C2424810CC5A17004149E2 /* Cocoa.framework in Frameworks */,
				E4C2424910CC5A17004149E2 /* IOKit.framework in Frameworks */,
				E7E077E515D3B63C0020DFD4 /* CoreVideo.framework in Frameworks */,
			);
			runOnlyForDeploymentPostprocessing = 0;
		};
/* End PBXFrameworksBuildPhase section */

/* Begin PBXGroup section */
		1f4fb5c423662b96adfdcc0badec1cb0 /* ofxXmlSettings */ = {
			isa = PBXGroup;
			children = (
				6ecef0d76bc33727823eadffc320c44d /* src */,
				6e54289412d2d94f45a051132369530c /* libs */,
			);
			name = ofxXmlSettings;
			sourceTree = "<group>";
		};
		6e54289412d2d94f45a051132369530c /* libs */ = {
			isa = PBXGroup;
			children = (
				a85afddc8fc7254ff82dcf169ecbb79d /* tinyxml.cpp */,
				d3165c709164fc0029ff204a14085ce8 /* tinyxml.h */,
				08413e78d3e27bb40d86cde130d84fcc /* tinyxmlerror.cpp */,
				5a1d7c6d97b9482b0b286effd3ada26e /* tinyxmlparser.cpp */,
			);
			name = libs;
			sourceTree = "<group>";
		};
		6ecef0d76bc33727823eadffc320c44d /* src */ = {
			isa = PBXGroup;
			children = (
				aa05df4e88fc725ddbeb75a4b8aa4cab /* ofxXmlSettings.cpp */,
				61c8e26aa318614dd040f3435e451d65 /* ofxXmlSettings.h */,
			);
			name = src;
			sourceTree = "<group>";
		};
		BB4B014C10F69532006C3DED /* addons */ = {
			isa = PBXGroup;
			children = (
				C73659B5173BF3CF00A7BF20 /* ofSoundStream2 */,
				C73659B8173BF3CF00A7BF20 /* ofxFileDialogOSX */,
				C73659BC173BF3CF00A7BF20 /* ofxMSAInteractiveObject */,
				C73659C5173BF3CF00A7BF20 /* ofxSimpleGuiToo-master */,
				1f4fb5c423662b96adfdcc0badec1cb0 /* ofxXmlSettings */,
			);
			name = addons;
			sourceTree = "<group>";
		};
		BBAB23C913894ECA00AA2426 /* system frameworks */ = {
			isa = PBXGroup;
			children = (
				E7F985F515E0DE99003869B5 /* Accelerate.framework */,
				E4C2424410CC5A17004149E2 /* AppKit.framework */,
				E4C2424510CC5A17004149E2 /* Cocoa.framework */,
				E4C2424610CC5A17004149E2 /* IOKit.framework */,
				E45BE9710E8CC7DD009D7055 /* AGL.framework */,
				E45BE9720E8CC7DD009D7055 /* ApplicationServices.framework */,
				E45BE9730E8CC7DD009D7055 /* AudioToolbox.framework */,
				E45BE9740E8CC7DD009D7055 /* Carbon.framework */,
				E45BE9750E8CC7DD009D7055 /* CoreAudio.framework */,
				E45BE9760E8CC7DD009D7055 /* CoreFoundation.framework */,
				E45BE9770E8CC7DD009D7055 /* CoreServices.framework */,
				E45BE9790E8CC7DD009D7055 /* OpenGL.framework */,
				E45BE97A0E8CC7DD009D7055 /* QuickTime.framework */,
				E7E077E415D3B63C0020DFD4 /* CoreVideo.framework */,
				E7E077E715D3B6510020DFD4 /* QTKit.framework */,
			);
			name = "system frameworks";
			sourceTree = "<group>";
		};
		BBAB23CA13894EDB00AA2426 /* 3rd party frameworks */ = {
			isa = PBXGroup;
			children = (
				BBAB23BE13894E4700AA2426 /* GLUT.framework */,
			);
			name = "3rd party frameworks";
			sourceTree = "<group>";
		};
		C73659B5173BF3CF00A7BF20 /* ofSoundStream2 */ = {
			isa = PBXGroup;
			children = (
				C73659B6173BF3CF00A7BF20 /* ofSoundStream2.cpp */,
				C73659B7173BF3CF00A7BF20 /* ofSoundStream2.h */,
			);
			name = ofSoundStream2;
			path = src/addons/ofSoundStream2;
			sourceTree = "<group>";
		};
		C73659B8173BF3CF00A7BF20 /* ofxFileDialogOSX */ = {
			isa = PBXGroup;
			children = (
				C73659B9173BF3CF00A7BF20 /* src */,
			);
			name = ofxFileDialogOSX;
			path = src/addons/ofxFileDialogOSX;
			sourceTree = "<group>";
		};
		C73659B9173BF3CF00A7BF20 /* src */ = {
			isa = PBXGroup;
			children = (
				C73659BA173BF3CF00A7BF20 /* ofxFileDialogOSX.cpp */,
				C73659BB173BF3CF00A7BF20 /* ofxFileDialogOSX.h */,
			);
			path = src;
			sourceTree = "<group>";
		};
		C73659BC173BF3CF00A7BF20 /* ofxMSAInteractiveObject */ = {
			isa = PBXGroup;
			children = (
				C73659BD173BF3CF00A7BF20 /* changelog.txt */,
				C73659BE173BF3CF00A7BF20 /* example */,
				C73659C0173BF3CF00A7BF20 /* install.xml */,
				C73659C1173BF3CF00A7BF20 /* LICENSE.txt */,
				C73659C2173BF3CF00A7BF20 /* src */,
			);
			name = ofxMSAInteractiveObject;
			path = src/addons/ofxMSAInteractiveObject;
			sourceTree = "<group>";
		};
		C73659BE173BF3CF00A7BF20 /* example */ = {
			isa = PBXGroup;
			children = (
				C73659BF173BF3CF00A7BF20 /* src */,
			);
			path = example;
			sourceTree = "<group>";
		};
		C73659BF173BF3CF00A7BF20 /* src */ = {
			isa = PBXGroup;
			children = (
			);
			path = src;
			sourceTree = "<group>";
		};
		C73659C2173BF3CF00A7BF20 /* src */ = {
			isa = PBXGroup;
			children = (
				C73659C3173BF3CF00A7BF20 /* ofxMSAInteractiveObject.cpp */,
				C73659C4173BF3CF00A7BF20 /* ofxMSAInteractiveObject.h */,
			);
			path = src;
			sourceTree = "<group>";
		};
		C73659C5173BF3CF00A7BF20 /* ofxSimpleGuiToo-master */ = {
			isa = PBXGroup;
			children = (
				C73659C6173BF3CF00A7BF20 /* .gitignore */,
				C73659C7173BF3CF00A7BF20 /* changelog.txt */,
				C73659C8173BF3CF00A7BF20 /* install.xml */,
				C73659C9173BF3CF00A7BF20 /* LICENSE.txt */,
				C73659CA173BF3CF00A7BF20 /* README */,
				C73659CB173BF3CF00A7BF20 /* src */,
			);
			name = "ofxSimpleGuiToo-master";
			path = "src/addons/ofxSimpleGuiToo-master";
			sourceTree = "<group>";
		};
		C73659CB173BF3CF00A7BF20 /* src */ = {
			isa = PBXGroup;
			children = (
				C73659CC173BF3CF00A7BF20 /* Controls */,
				C73659E4173BF3CF00A7BF20 /* ofxSimpleGuiConfig.cpp */,
				C73659E5173BF3CF00A7BF20 /* ofxSimpleGuiConfig.h */,
				C73659E6173BF3CF00A7BF20 /* ofxSimpleGuiControl.cpp */,
				C73659E7173BF3CF00A7BF20 /* ofxSimpleGuiControl.h */,
				C73659E8173BF3CF00A7BF20 /* ofxSimpleGuiIncludes.h */,
				C73659E9173BF3CF00A7BF20 /* ofxSimpleGuiPage.cpp */,
				C73659EA173BF3CF00A7BF20 /* ofxSimpleGuiPage.h */,
				C73659EB173BF3CF00A7BF20 /* ofxSimpleGuiToo.cpp */,
				C73659EC173BF3CF00A7BF20 /* ofxSimpleGuiToo.h */,
				C73659ED173BF3CF00A7BF20 /* ofxSimpleGuiValueControl.cpp */,
				C73659EE173BF3CF00A7BF20 /* ofxSimpleGuiValueControl.h */,
			);
			path = src;
			sourceTree = "<group>";
		};
		C73659CC173BF3CF00A7BF20 /* Controls */ = {
			isa = PBXGroup;
			children = (
				C73659CD173BF3CF00A7BF20 /* ofxSimpleGuiButton.cpp */,
				C73659CE173BF3CF00A7BF20 /* ofxSimpleGuiButton.h */,
				C73659CF173BF3CF00A7BF20 /* ofxSimpleGuiColorPicker.cpp */,
				C73659D0173BF3CF00A7BF20 /* ofxSimpleGuiColorPicker.h */,
				C73659D1173BF3CF00A7BF20 /* ofxSimpleGuiComboBox.cpp */,
				C73659D2173BF3CF00A7BF20 /* ofxSimpleGuiComboBox.h */,
				C73659D3173BF3CF00A7BF20 /* ofxSimpleGuiContent.cpp */,
				C73659D4173BF3CF00A7BF20 /* ofxSimpleGuiContent.h */,
				C73659D5173BF3CF00A7BF20 /* ofxSimpleGuiFPSCounter.cpp */,
				C73659D6173BF3CF00A7BF20 /* ofxSimpleGuiFPSCounter.h */,
				C73659D7173BF3CF00A7BF20 /* ofxSimpleGuiMovieSlider.cpp */,
				C73659D8173BF3CF00A7BF20 /* ofxSimpleGuiMovieSlider.h */,
				C73659D9173BF3CF00A7BF20 /* ofxSimpleGuiQuadWarp.cpp */,
				C73659DA173BF3CF00A7BF20 /* ofxSimpleGuiQuadWarp.h */,
				C73659DB173BF3CF00A7BF20 /* ofxSimpleGuiSlider2d.cpp */,
				C73659DC173BF3CF00A7BF20 /* ofxSimpleGuiSlider2d.h */,
				C73659DD173BF3CF00A7BF20 /* ofxSimpleGuiSliderBase.h */,
				C73659DE173BF3CF00A7BF20 /* ofxSimpleGuiSliderFloat.h */,
				C73659DF173BF3CF00A7BF20 /* ofxSimpleGuiSliderInt.h */,
				C73659E0173BF3CF00A7BF20 /* ofxSimpleGuiTitle.cpp */,
				C73659E1173BF3CF00A7BF20 /* ofxSimpleGuiTitle.h */,
				C73659E2173BF3CF00A7BF20 /* ofxSimpleGuiToggle.cpp */,
				C73659E3173BF3CF00A7BF20 /* ofxSimpleGuiToggle.h */,
			);
			path = Controls;
			sourceTree = "<group>";
		};
		C7365A01173BF44B00A7BF20 /* bin */ = {
			isa = PBXGroup;
			children = (
				C7365A02173BF44B00A7BF20 /* data */,
				C7365A1E173BF44B00A7BF20 /* refreq.app */,
				C7365A1F173BF44B00A7BF20 /* refreqDebug.app */,
			);
			path = bin;
			sourceTree = "<group>";
		};
		C7365A02173BF44B00A7BF20 /* data */ = {
			isa = PBXGroup;
			children = (
				C7365A03173BF44B00A7BF20 /* 2.mp3 */,
				C7365A04173BF44B00A7BF20 /* _settings.xml */,
				C7365A05173BF44B00A7BF20 /* beat2.wav */,
				C7365A06173BF44B00A7BF20 /* clock.png */,
				C7365A07173BF44B00A7BF20 /* clocks.mp3 */,
				C7365A08173BF44B00A7BF20 /* dan.wav */,
				C7365A09173BF44B00A7BF20 /* dani.png */,
				C7365A0A173BF44B00A7BF20 /* din.ttf */,
				C7365A0B173BF44B00A7BF20 /* fur3.png */,
				C7365A0C173BF44B00A7BF20 /* fur4.png */,
				C7365A0D173BF44B00A7BF20 /* fur4.psd */,
				C7365A0E173BF44B00A7BF20 /* fur4_old.png */,
				C7365A0F173BF44B00A7BF20 /* gal.png */,
				C7365A10173BF44B00A7BF20 /* ikon.icns */,
				C7365A11173BF44B00A7BF20 /* ikon.png */,
				C7365A12173BF44B00A7BF20 /* main.jpg */,
				C7365A13173BF44B00A7BF20 /* main.png */,
				C7365A14173BF44B00A7BF20 /* main2.png */,
				C7365A15173BF44B00A7BF20 /* main3.jpg */,
				C7365A16173BF44B00A7BF20 /* main4.jpg */,
				C7365A17173BF44B00A7BF20 /* mandel.png */,
				C7365A18173BF44B00A7BF20 /* mona.bmp */,
				C7365A19173BF44B00A7BF20 /* spectrum.png */,
				C7365A1A173BF44B00A7BF20 /* spectrum2.png */,
				C7365A1B173BF44B00A7BF20 /* step3_circle.gif */,
				C7365A1C173BF44B00A7BF20 /* test2.png */,
				C7365A1D173BF44B00A7BF20 /* valami.png */,
			);
			path = data;
			sourceTree = "<group>";
		};
		E4328144138ABC890047C5CB /* Products */ = {
			isa = PBXGroup;
			children = (
				E4328148138ABC890047C5CB /* openFrameworksDebug.a */,
			);
			name = Products;
			sourceTree = "<group>";
		};
		E45BE5980E8CC70C009D7055 /* frameworks */ = {
			isa = PBXGroup;
			children = (
				BBAB23CA13894EDB00AA2426 /* 3rd party frameworks */,
				BBAB23C913894ECA00AA2426 /* system frameworks */,
			);
			name = frameworks;
			sourceTree = "<group>";
		};
		E4B69B4A0A3A1720003C02F2 = {
			isa = PBXGroup;
			children = (
				E4B6FCAD0C3E899E008CF71C /* openFrameworks-Info.plist */,
				E4EB6923138AFD0F00A09F29 /* Project.xcconfig */,
				C7365A01173BF44B00A7BF20 /* bin */,
				E4B69E1C0A3A1BDC003C02F2 /* src */,
				E4EEC9E9138DF44700A80321 /* openFrameworks */,
				BB4B014C10F69532006C3DED /* addons */,
				E45BE5980E8CC70C009D7055 /* frameworks */,
				E4B69B5B0A3A1756003C02F2 /* refreqDebug.app */,
			);
			sourceTree = "<group>";
		};
		E4B69E1C0A3A1BDC003C02F2 /* src */ = {
			isa = PBXGroup;
			children = (
				C73659A7173BF3C300A7BF20 /* fft.cpp */,
				C73659A8173BF3C300A7BF20 /* fft.h */,
				C73659A9173BF3C300A7BF20 /* main.cpp */,
				C73659AA173BF3C300A7BF20 /* mainApp.cpp */,
				C73659AB173BF3C300A7BF20 /* mainApp.h */,
				C73659AC173BF3C300A7BF20 /* PlayerHead.cpp */,
				C73659AD173BF3C300A7BF20 /* PlayerHead.h */,
				C73659AE173BF3C300A7BF20 /* SpectrumDrawer.cpp */,
				C73659AF173BF3C300A7BF20 /* SpectrumDrawer.h */,
			);
			path = src;
			sourceTree = SOURCE_ROOT;
		};
		E4EEC9E9138DF44700A80321 /* openFrameworks */ = {
			isa = PBXGroup;
			children = (
				E4EB691F138AFCF100A09F29 /* CoreOF.xcconfig */,
				E4328143138ABC890047C5CB /* openFrameworksLib.xcodeproj */,
			);
			name = openFrameworks;
			sourceTree = "<group>";
		};
/* End PBXGroup section */

/* Begin PBXNativeTarget section */
		E4B69B5A0A3A1756003C02F2 /* refreq */ = {
			isa = PBXNativeTarget;
			buildConfigurationList = E4B69B5F0A3A1757003C02F2 /* Build configuration list for PBXNativeTarget "refreq" */;
			buildPhases = (
				E4B69B580A3A1756003C02F2 /* Sources */,
				E4B69B590A3A1756003C02F2 /* Frameworks */,
				E4B6FFFD0C3F9AB9008CF71C /* ShellScript */,
				E4C2427710CC5ABF004149E2 /* CopyFiles */,
			);
			buildRules = (
			);
			dependencies = (
				E4EEB9AC138B136A00A80321 /* PBXTargetDependency */,
			);
			name = refreq;
			productName = myOFApp;
			productReference = E4B69B5B0A3A1756003C02F2 /* refreqDebug.app */;
			productType = "com.apple.product-type.application";
		};
/* End PBXNativeTarget section */

/* Begin PBXProject section */
		E4B69B4C0A3A1720003C02F2 /* Project object */ = {
			isa = PBXProject;
			buildConfigurationList = E4B69B4D0A3A1720003C02F2 /* Build configuration list for PBXProject "refreq" */;
			compatibilityVersion = "Xcode 2.4";
			developmentRegion = English;
			hasScannedForEncodings = 0;
			knownRegions = (
				English,
				Japanese,
				French,
				German,
			);
			mainGroup = E4B69B4A0A3A1720003C02F2;
			productRefGroup = E4B69B4A0A3A1720003C02F2;
			projectDirPath = "";
			projectReferences = (
				{
					ProductGroup = E4328144138ABC890047C5CB /* Products */;
					ProjectRef = E4328143138ABC890047C5CB /* openFrameworksLib.xcodeproj */;
				},
			);
			projectRoot = "";
			targets = (
				E4B69B5A0A3A1756003C02F2 /* refreq */,
			);
		};
/* End PBXProject section */

/* Begin PBXReferenceProxy section */
		E4328148138ABC890047C5CB /* openFrameworksDebug.a */ = {
			isa = PBXReferenceProxy;
			fileType = archive.ar;
			path = openFrameworksDebug.a;
			remoteRef = E4328147138ABC890047C5CB /* PBXContainerItemProxy */;
			sourceTree = BUILT_PRODUCTS_DIR;
		};
/* End PBXReferenceProxy section */

/* Begin PBXShellScriptBuildPhase section */
		E4B6FFFD0C3F9AB9008CF71C /* ShellScript */ = {
			isa = PBXShellScriptBuildPhase;
			buildActionMask = 2147483647;
			files = (
			);
			inputPaths = (
			);
			outputPaths = (
			);
			runOnlyForDeploymentPostprocessing = 0;
			shellPath = /bin/sh;
			shellScript = "cp -f ../of_v0.7.4_osx_release/libs/fmodex/lib/osx/libfmodex.dylib \"$TARGET_BUILD_DIR/$PRODUCT_NAME.app/Contents/MacOS/libfmodex.dylib\"; install_name_tool -change ./libfmodex.dylib @executable_path/libfmodex.dylib \"$TARGET_BUILD_DIR/$PRODUCT_NAME.app/Contents/MacOS/$PRODUCT_NAME\";";
		};
/* End PBXShellScriptBuildPhase section */

/* Begin PBXSourcesBuildPhase section */
		E4B69B580A3A1756003C02F2 /* Sources */ = {
			isa = PBXSourcesBuildPhase;
			buildActionMask = 2147483647;
			files = (
				dab4d0e179a3ab3e2dd829c897d41e4c /* ofxXmlSettings.cpp in Sources */,
				a9f6b9bcb9a36d1c504341ac3a9fa8aa /* tinyxml.cpp in Sources */,
				528d24294afb24ac2eeff1afc590bac0 /* tinyxmlerror.cpp in Sources */,
				ef0db92417b6dbf0507143b5addf7be2 /* tinyxmlparser.cpp in Sources */,
				C73659B0173BF3C300A7BF20 /* fft.cpp in Sources */,
				C73659B1173BF3C300A7BF20 /* main.cpp in Sources */,
				C73659B2173BF3C300A7BF20 /* mainApp.cpp in Sources */,
				C73659B3173BF3C300A7BF20 /* PlayerHead.cpp in Sources */,
				C73659B4173BF3C300A7BF20 /* SpectrumDrawer.cpp in Sources */,
				C73659EF173BF3CF00A7BF20 /* ofSoundStream2.cpp in Sources */,
				C73659F0173BF3CF00A7BF20 /* ofxFileDialogOSX.cpp in Sources */,
				C73659F1173BF3CF00A7BF20 /* ofxMSAInteractiveObject.cpp in Sources */,
				C73659F2173BF3CF00A7BF20 /* ofxSimpleGuiButton.cpp in Sources */,
				C73659F3173BF3CF00A7BF20 /* ofxSimpleGuiColorPicker.cpp in Sources */,
				C73659F4173BF3CF00A7BF20 /* ofxSimpleGuiComboBox.cpp in Sources */,
				C73659F5173BF3CF00A7BF20 /* ofxSimpleGuiContent.cpp in Sources */,
				C73659F6173BF3CF00A7BF20 /* ofxSimpleGuiFPSCounter.cpp in Sources */,
				C73659F7173BF3CF00A7BF20 /* ofxSimpleGuiMovieSlider.cpp in Sources */,
				C73659F8173BF3CF00A7BF20 /* ofxSimpleGuiQuadWarp.cpp in Sources */,
				C73659F9173BF3CF00A7BF20 /* ofxSimpleGuiSlider2d.cpp in Sources */,
				C73659FA173BF3CF00A7BF20 /* ofxSimpleGuiTitle.cpp in Sources */,
				C73659FB173BF3CF00A7BF20 /* ofxSimpleGuiToggle.cpp in Sources */,
				C73659FC173BF3CF00A7BF20 /* ofxSimpleGuiConfig.cpp in Sources */,
				C73659FD173BF3CF00A7BF20 /* ofxSimpleGuiControl.cpp in Sources */,
				C73659FE173BF3CF00A7BF20 /* ofxSimpleGuiPage.cpp in Sources */,
				C73659FF173BF3CF00A7BF20 /* ofxSimpleGuiToo.cpp in Sources */,
				C7365A00173BF3CF00A7BF20 /* ofxSimpleGuiValueControl.cpp in Sources */,
			);
			runOnlyForDeploymentPostprocessing = 0;
		};
/* End PBXSourcesBuildPhase section */

/* Begin PBXTargetDependency section */
		E4EEB9AC138B136A00A80321 /* PBXTargetDependency */ = {
			isa = PBXTargetDependency;
			name = openFrameworks;
			targetProxy = E4EEB9AB138B136A00A80321 /* PBXContainerItemProxy */;
		};
/* End PBXTargetDependency section */

/* Begin XCBuildConfiguration section */
		E4B69B4E0A3A1720003C02F2 /* Debug */ = {
			isa = XCBuildConfiguration;
			baseConfigurationReference = E4EB6923138AFD0F00A09F29 /* Project.xcconfig */;
			buildSettings = {
				ARCHS = "$(NATIVE_ARCH)";
				CONFIGURATION_BUILD_DIR = "$(SRCROOT)/bin/";
				COPY_PHASE_STRIP = NO;
				DEAD_CODE_STRIPPING = YES;
				GCC_AUTO_VECTORIZATION = YES;
				GCC_ENABLE_SSE3_EXTENSIONS = YES;
				GCC_ENABLE_SUPPLEMENTAL_SSE3_INSTRUCTIONS = YES;
				GCC_INLINES_ARE_PRIVATE_EXTERN = NO;
				GCC_OPTIMIZATION_LEVEL = 0;
				GCC_SYMBOLS_PRIVATE_EXTERN = NO;
				GCC_WARN_ABOUT_DEPRECATED_FUNCTIONS = YES;
				GCC_WARN_ABOUT_INVALID_OFFSETOF_MACRO = NO;
				GCC_WARN_ALLOW_INCOMPLETE_PROTOCOL = NO;
				GCC_WARN_UNINITIALIZED_AUTOS = NO;
				GCC_WARN_UNUSED_VALUE = NO;
				GCC_WARN_UNUSED_VARIABLE = NO;
				HEADER_SEARCH_PATHS = (
					"$(OF_CORE_HEADERS)",
					../of_v0.7.4_osx_release/addons/ofxXmlSettings/libs,
					../of_v0.7.4_osx_release/addons/ofxXmlSettings/src,
				);
				OTHER_CPLUSPLUSFLAGS = (
					"-D__MACOSX_CORE__",
					"-lpthread",
					"-mtune=native",
				);
				SDKROOT = macosx;
			};
			name = Debug;
		};
		E4B69B4F0A3A1720003C02F2 /* Release */ = {
			isa = XCBuildConfiguration;
			baseConfigurationReference = E4EB6923138AFD0F00A09F29 /* Project.xcconfig */;
			buildSettings = {
				ARCHS = "$(NATIVE_ARCH)";
				CONFIGURATION_BUILD_DIR = "$(SRCROOT)/bin/";
				COPY_PHASE_STRIP = YES;
				DEAD_CODE_STRIPPING = YES;
				GCC_AUTO_VECTORIZATION = YES;
				GCC_ENABLE_SSE3_EXTENSIONS = YES;
				GCC_ENABLE_SUPPLEMENTAL_SSE3_INSTRUCTIONS = YES;
				GCC_INLINES_ARE_PRIVATE_EXTERN = NO;
				GCC_OPTIMIZATION_LEVEL = 3;
				GCC_SYMBOLS_PRIVATE_EXTERN = NO;
				GCC_UNROLL_LOOPS = YES;
				GCC_WARN_ABOUT_DEPRECATED_FUNCTIONS = YES;
				GCC_WARN_ABOUT_INVALID_OFFSETOF_MACRO = NO;
				GCC_WARN_ALLOW_INCOMPLETE_PROTOCOL = NO;
				GCC_WARN_UNINITIALIZED_AUTOS = NO;
				GCC_WARN_UNUSED_VALUE = NO;
				GCC_WARN_UNUSED_VARIABLE = NO;
				HEADER_SEARCH_PATHS = (
					"$(OF_CORE_HEADERS)",
					../of_v0.7.4_osx_release/addons/ofxXmlSettings/libs,
					../of_v0.7.4_osx_release/addons/ofxXmlSettings/src,
				);
				OTHER_CPLUSPLUSFLAGS = (
					"-D__MACOSX_CORE__",
					"-lpthread",
					"-mtune=native",
				);
				SDKROOT = macosx;
			};
			name = Release;
		};
		E4B69B600A3A1757003C02F2 /* Debug */ = {
			isa = XCBuildConfiguration;
			buildSettings = {
				COPY_PHASE_STRIP = NO;
				FRAMEWORK_SEARCH_PATHS = (
					"$(inherited)",
					"$(FRAMEWORK_SEARCH_PATHS_QUOTED_FOR_TARGET_1)",
				);
				FRAMEWORK_SEARCH_PATHS_QUOTED_FOR_TARGET_1 = "\"$(SRCROOT)/../of_v0.7.4_osx_release/libs/glut/lib/osx\"";
				GCC_DYNAMIC_NO_PIC = NO;
				GCC_ENABLE_FIX_AND_CONTINUE = YES;
				GCC_GENERATE_DEBUGGING_SYMBOLS = YES;
				GCC_MODEL_TUNING = NONE;
				GCC_PRECOMPILE_PREFIX_HEADER = YES;
				GCC_PREFIX_HEADER = "$(SYSTEM_LIBRARY_DIR)/Frameworks/Carbon.framework/Headers/Carbon.h";
				INFOPLIST_FILE = "openFrameworks-Info.plist";
				INSTALL_PATH = "$(HOME)/Applications";
				LIBRARY_SEARCH_PATHS = (
					"$(inherited)",
					"$(LIBRARY_SEARCH_PATHS_QUOTED_FOR_TARGET_1)",
					"$(LIBRARY_SEARCH_PATHS_QUOTED_FOR_TARGET_2)",
					"$(LIBRARY_SEARCH_PATHS_QUOTED_FOR_TARGET_3)",
					"$(LIBRARY_SEARCH_PATHS_QUOTED_FOR_TARGET_4)",
					"$(LIBRARY_SEARCH_PATHS_QUOTED_FOR_TARGET_5)",
					"$(LIBRARY_SEARCH_PATHS_QUOTED_FOR_TARGET_6)",
					"$(LIBRARY_SEARCH_PATHS_QUOTED_FOR_TARGET_7)",
					"$(LIBRARY_SEARCH_PATHS_QUOTED_FOR_TARGET_8)",
					"$(LIBRARY_SEARCH_PATHS_QUOTED_FOR_TARGET_9)",
					"$(LIBRARY_SEARCH_PATHS_QUOTED_FOR_TARGET_10)",
					"$(LIBRARY_SEARCH_PATHS_QUOTED_FOR_TARGET_11)",
					"$(LIBRARY_SEARCH_PATHS_QUOTED_FOR_TARGET_12)",
					"$(LIBRARY_SEARCH_PATHS_QUOTED_FOR_TARGET_13)",
					"$(LIBRARY_SEARCH_PATHS_QUOTED_FOR_TARGET_14)",
					"$(LIBRARY_SEARCH_PATHS_QUOTED_FOR_TARGET_15)",
					"$(LIBRARY_SEARCH_PATHS_QUOTED_FOR_TARGET_2)",
					"$(LIBRARY_SEARCH_PATHS_QUOTED_FOR_TARGET_3)",
					"$(LIBRARY_SEARCH_PATHS_QUOTED_FOR_TARGET_7)",
					"$(LIBRARY_SEARCH_PATHS_QUOTED_FOR_TARGET_8)",
					"$(LIBRARY_SEARCH_PATHS_QUOTED_FOR_TARGET_9)",
					"$(LIBRARY_SEARCH_PATHS_QUOTED_FOR_TARGET_10)",
					"$(LIBRARY_SEARCH_PATHS_QUOTED_FOR_TARGET_11)",
					"$(LIBRARY_SEARCH_PATHS_QUOTED_FOR_TARGET_12)",
					"$(LIBRARY_SEARCH_PATHS_QUOTED_FOR_TARGET_13)",
					"$(LIBRARY_SEARCH_PATHS_QUOTED_FOR_TARGET_16)",
					"$(LIBRARY_SEARCH_PATHS_QUOTED_FOR_TARGET_17)",
					"$(LIBRARY_SEARCH_PATHS_QUOTED_FOR_TARGET_18)",
					"$(LIBRARY_SEARCH_PATHS_QUOTED_FOR_TARGET_19)",
					"$(LIBRARY_SEARCH_PATHS_QUOTED_FOR_TARGET_20)",
					"$(LIBRARY_SEARCH_PATHS_QUOTED_FOR_TARGET_21)",
					"$(LIBRARY_SEARCH_PATHS_QUOTED_FOR_TARGET_22)",
					"$(LIBRARY_SEARCH_PATHS_QUOTED_FOR_TARGET_23)",
					"$(LIBRARY_SEARCH_PATHS_QUOTED_FOR_TARGET_24)",
					"$(LIBRARY_SEARCH_PATHS_QUOTED_FOR_TARGET_25)",
					"$(LIBRARY_SEARCH_PATHS_QUOTED_FOR_TARGET_26)",
					"$(LIBRARY_SEARCH_PATHS_QUOTED_FOR_TARGET_27)",
					"$(LIBRARY_SEARCH_PATHS_QUOTED_FOR_TARGET_28)",
					"$(LIBRARY_SEARCH_PATHS_QUOTED_FOR_TARGET_29)",
					"$(LIBRARY_SEARCH_PATHS_QUOTED_FOR_TARGET_30)",
					"$(LIBRARY_SEARCH_PATHS_QUOTED_FOR_TARGET_31)",
					"$(LIBRARY_SEARCH_PATHS_QUOTED_FOR_TARGET_32)",
					"$(LIBRARY_SEARCH_PATHS_QUOTED_FOR_TARGET_33)",
					"$(LIBRARY_SEARCH_PATHS_QUOTED_FOR_TARGET_34)",
					"$(LIBRARY_SEARCH_PATHS_QUOTED_FOR_TARGET_35)",
					"$(LIBRARY_SEARCH_PATHS_QUOTED_FOR_TARGET_36)",
					"$(LIBRARY_SEARCH_PATHS_QUOTED_FOR_TARGET_37)",
					"$(LIBRARY_SEARCH_PATHS_QUOTED_FOR_TARGET_38)",
					"$(LIBRARY_SEARCH_PATHS_QUOTED_FOR_TARGET_39)",
					"$(LIBRARY_SEARCH_PATHS_QUOTED_FOR_TARGET_40)",
					"$(LIBRARY_SEARCH_PATHS_QUOTED_FOR_TARGET_41)",
					"$(LIBRARY_SEARCH_PATHS_QUOTED_FOR_TARGET_42)",
					"$(LIBRARY_SEARCH_PATHS_QUOTED_FOR_TARGET_43)",
					"$(LIBRARY_SEARCH_PATHS_QUOTED_FOR_TARGET_44)",
					"$(LIBRARY_SEARCH_PATHS_QUOTED_FOR_TARGET_45)",
					"$(LIBRARY_SEARCH_PATHS_QUOTED_FOR_TARGET_46)",
					"$(LIBRARY_SEARCH_PATHS_QUOTED_FOR_TARGET_47)",
					"$(LIBRARY_SEARCH_PATHS_QUOTED_FOR_TARGET_48)",
					"$(LIBRARY_SEARCH_PATHS_QUOTED_FOR_TARGET_49)",
					"$(LIBRARY_SEARCH_PATHS_QUOTED_FOR_TARGET_50)",
					"$(LIBRARY_SEARCH_PATHS_QUOTED_FOR_TARGET_51)",
					"$(LIBRARY_SEARCH_PATHS_QUOTED_FOR_TARGET_52)",
				);
				PREBINDING = NO;
				PRODUCT_NAME = "$(TARGET_NAME)Debug";
				WRAPPER_EXTENSION = app;
			};
			name = Debug;
		};
		E4B69B610A3A1757003C02F2 /* Release */ = {
			isa = XCBuildConfiguration;
			buildSettings = {
				COPY_PHASE_STRIP = YES;
				FRAMEWORK_SEARCH_PATHS = (
					"$(inherited)",
					"$(FRAMEWORK_SEARCH_PATHS_QUOTED_FOR_TARGET_1)",
				);
				FRAMEWORK_SEARCH_PATHS_QUOTED_FOR_TARGET_1 = "\"$(SRCROOT)/../of_v0.7.4_osx_release/libs/glut/lib/osx\"";
				GCC_ENABLE_FIX_AND_CONTINUE = NO;
				GCC_GENERATE_DEBUGGING_SYMBOLS = YES;
				GCC_MODEL_TUNING = NONE;
				GCC_PRECOMPILE_PREFIX_HEADER = YES;
				GCC_PREFIX_HEADER = "$(SYSTEM_LIBRARY_DIR)/Frameworks/Carbon.framework/Headers/Carbon.h";
				INFOPLIST_FILE = "openFrameworks-Info.plist";
				INSTALL_PATH = "$(HOME)/Applications";
				LIBRARY_SEARCH_PATHS = (
					"$(inherited)",
					"$(LIBRARY_SEARCH_PATHS_QUOTED_FOR_TARGET_1)",
					"$(LIBRARY_SEARCH_PATHS_QUOTED_FOR_TARGET_2)",
					"$(LIBRARY_SEARCH_PATHS_QUOTED_FOR_TARGET_3)",
					"$(LIBRARY_SEARCH_PATHS_QUOTED_FOR_TARGET_4)",
					"$(LIBRARY_SEARCH_PATHS_QUOTED_FOR_TARGET_5)",
					"$(LIBRARY_SEARCH_PATHS_QUOTED_FOR_TARGET_6)",
					"$(LIBRARY_SEARCH_PATHS_QUOTED_FOR_TARGET_7)",
					"$(LIBRARY_SEARCH_PATHS_QUOTED_FOR_TARGET_8)",
					"$(LIBRARY_SEARCH_PATHS_QUOTED_FOR_TARGET_9)",
					"$(LIBRARY_SEARCH_PATHS_QUOTED_FOR_TARGET_10)",
					"$(LIBRARY_SEARCH_PATHS_QUOTED_FOR_TARGET_11)",
					"$(LIBRARY_SEARCH_PATHS_QUOTED_FOR_TARGET_12)",
					"$(LIBRARY_SEARCH_PATHS_QUOTED_FOR_TARGET_13)",
					"$(LIBRARY_SEARCH_PATHS_QUOTED_FOR_TARGET_14)",
					"$(LIBRARY_SEARCH_PATHS_QUOTED_FOR_TARGET_15)",
					"$(LIBRARY_SEARCH_PATHS_QUOTED_FOR_TARGET_2)",
					"$(LIBRARY_SEARCH_PATHS_QUOTED_1)",
					"$(LIBRARY_SEARCH_PATHS_QUOTED_FOR_TARGET_3)",
					"$(LIBRARY_SEARCH_PATHS_QUOTED_FOR_TARGET_7)",
					"$(LIBRARY_SEARCH_PATHS_QUOTED_FOR_TARGET_8)",
					"$(LIBRARY_SEARCH_PATHS_QUOTED_FOR_TARGET_9)",
					"$(LIBRARY_SEARCH_PATHS_QUOTED_FOR_TARGET_10)",
					"$(LIBRARY_SEARCH_PATHS_QUOTED_FOR_TARGET_11)",
					"$(LIBRARY_SEARCH_PATHS_QUOTED_FOR_TARGET_12)",
					"$(LIBRARY_SEARCH_PATHS_QUOTED_FOR_TARGET_13)",
					"$(LIBRARY_SEARCH_PATHS_QUOTED_FOR_TARGET_16)",
					"$(LIBRARY_SEARCH_PATHS_QUOTED_FOR_TARGET_17)",
					"$(LIBRARY_SEARCH_PATHS_QUOTED_FOR_TARGET_18)",
					"$(LIBRARY_SEARCH_PATHS_QUOTED_FOR_TARGET_19)",
					"$(LIBRARY_SEARCH_PATHS_QUOTED_FOR_TARGET_20)",
					"$(LIBRARY_SEARCH_PATHS_QUOTED_FOR_TARGET_21)",
					"$(LIBRARY_SEARCH_PATHS_QUOTED_FOR_TARGET_22)",
					"$(LIBRARY_SEARCH_PATHS_QUOTED_FOR_TARGET_23)",
					"$(LIBRARY_SEARCH_PATHS_QUOTED_FOR_TARGET_24)",
					"$(LIBRARY_SEARCH_PATHS_QUOTED_FOR_TARGET_25)",
					"$(LIBRARY_SEARCH_PATHS_QUOTED_FOR_TARGET_26)",
					"$(LIBRARY_SEARCH_PATHS_QUOTED_FOR_TARGET_27)",
					"$(LIBRARY_SEARCH_PATHS_QUOTED_FOR_TARGET_28)",
					"$(LIBRARY_SEARCH_PATHS_QUOTED_FOR_TARGET_29)",
					"$(LIBRARY_SEARCH_PATHS_QUOTED_FOR_TARGET_30)",
					"$(LIBRARY_SEARCH_PATHS_QUOTED_FOR_TARGET_31)",
					"$(LIBRARY_SEARCH_PATHS_QUOTED_FOR_TARGET_32)",
					"$(LIBRARY_SEARCH_PATHS_QUOTED_FOR_TARGET_33)",
					"$(LIBRARY_SEARCH_PATHS_QUOTED_FOR_TARGET_34)",
					"$(LIBRARY_SEARCH_PATHS_QUOTED_FOR_TARGET_35)",
					"$(LIBRARY_SEARCH_PATHS_QUOTED_FOR_TARGET_36)",
					"$(LIBRARY_SEARCH_PATHS_QUOTED_FOR_TARGET_37)",
					"$(LIBRARY_SEARCH_PATHS_QUOTED_FOR_TARGET_38)",
					"$(LIBRARY_SEARCH_PATHS_QUOTED_FOR_TARGET_39)",
					"$(LIBRARY_SEARCH_PATHS_QUOTED_FOR_TARGET_40)",
					"$(LIBRARY_SEARCH_PATHS_QUOTED_FOR_TARGET_41)",
					"$(LIBRARY_SEARCH_PATHS_QUOTED_FOR_TARGET_42)",
					"$(LIBRARY_SEARCH_PATHS_QUOTED_FOR_TARGET_43)",
					"$(LIBRARY_SEARCH_PATHS_QUOTED_FOR_TARGET_44)",
					"$(LIBRARY_SEARCH_PATHS_QUOTED_FOR_TARGET_45)",
					"$(LIBRARY_SEARCH_PATHS_QUOTED_FOR_TARGET_46)",
					"$(LIBRARY_SEARCH_PATHS_QUOTED_FOR_TARGET_47)",
					"$(LIBRARY_SEARCH_PATHS_QUOTED_FOR_TARGET_48)",
					"$(LIBRARY_SEARCH_PATHS_QUOTED_FOR_TARGET_49)",
					"$(LIBRARY_SEARCH_PATHS_QUOTED_FOR_TARGET_50)",
					"$(LIBRARY_SEARCH_PATHS_QUOTED_FOR_TARGET_51)",
				);
				PREBINDING = NO;
				PRODUCT_NAME = "$(TARGET_NAME)";
				WRAPPER_EXTENSION = app;
			};
			name = Release;
		};
/* End XCBuildConfiguration section */

/* Begin XCConfigurationList section */
		E4B69B4D0A3A1720003C02F2 /* Build configuration list for PBXProject "refreq" */ = {
			isa = XCConfigurationList;
			buildConfigurations = (
				E4B69B4E0A3A1720003C02F2 /* Debug */,
				E4B69B4F0A3A1720003C02F2 /* Release */,
			);
			defaultConfigurationIsVisible = 0;
			defaultConfigurationName = Release;
		};
		E4B69B5F0A3A1757003C02F2 /* Build configuration list for PBXNativeTarget "refreq" */ = {
			isa = XCConfigurationList;
			buildConfigurations = (
				E4B69B600A3A1757003C02F2 /* Debug */,
				E4B69B610A3A1757003C02F2 /* Release */,
			);
			defaultConfigurationIsVisible = 0;
			defaultConfigurationName = Release;
		};
/* End XCConfigurationList section */
	};
	rootObject = E4B69B4C0A3A1720003C02F2 /* Project object */;
}
